
Microsoft Visual Studio Solution File, Format Version 12.00
# Visual Studio Version 17
VisualStudioVersion = 17.0.31903.59
MinimumVisualStudioVersion = 10.0.40219.1
Project("{2150E333-8FDC-42A3-9474-1A3956D46DE8}") = "src", "src", "{39D20F82-6F5D-4F4D-B70F-A039EBC2BC2B}"
EndProject
Project("{FAE04EC0-301F-11D3-BF4B-00C04F79EFBC}") = "TwilioAIIntegration", "src\TwilioAIIntegration\TwilioAIIntegration.csproj", "{EB845659-7683-4487-9ECC-5D5E910A7653}"
EndProject
Project("{2150E333-8FDC-42A3-9474-1A3956D46DE8}") = "test", "test", "{2C9C333A-C334-4A8D-9150-F9900530B9BD}"
EndProject
Project("{FAE04EC0-301F-11D3-BF4B-00C04F79EFBC}") = "TwilioAIIntegration.Tests", "test\TwilioAIIntegration.Tests\TwilioAIIntegration.Tests.csproj", "{530C2172-911B-41D3-85B5-CD3079D6588B}"
EndProject
Global
	GlobalSection(SolutionConfigurationPlatforms) = preSolution
		Debug|Any CPU = Debug|Any CPU
		Release|Any CPU = Release|Any CPU
	EndGlobalSection
	GlobalSection(SolutionProperties) = preSolution
		HideSolutionNode = FALSE
	EndGlobalSection
	GlobalSection(ProjectConfigurationPlatforms) = postSolution
		{EB845659-7683-4487-9ECC-5D5E910A7653}.Debug|Any CPU.ActiveCfg = Debug|Any CPU
		{EB845659-7683-4487-9ECC-5D5E910A7653}.Debug|Any CPU.Build.0 = Debug|Any CPU
		{EB845659-7683-4487-9ECC-5D5E910A7653}.Release|Any CPU.ActiveCfg = Release|Any CPU
		{EB845659-7683-4487-9ECC-5D5E910A7653}.Release|Any CPU.Build.0 = Release|Any CPU
		{530C2172-911B-41D3-85B5-CD3079D6588B}.Debug|Any CPU.ActiveCfg = Debug|Any CPU
		{530C2172-911B-41D3-85B5-CD3079D6588B}.Debug|Any CPU.Build.0 = Debug|Any CPU
		{530C2172-911B-41D3-85B5-CD3079D6588B}.Release|Any CPU.ActiveCfg = Release|Any CPU
		{530C2172-911B-41D3-85B5-CD3079D6588B}.Release|Any CPU.Build.0 = Release|Any CPU
	EndGlobalSection
	GlobalSection(NestedProjects) = preSolution
		{EB845659-7683-4487-9ECC-5D5E910A7653} = {39D20F82-6F5D-4F4D-B70F-A039EBC2BC2B}
		{530C2172-911B-41D3-85B5-CD3079D6588B} = {2C9C333A-C334-4A8D-9150-F9900530B9BD}
	EndGlobalSection
EndGlobal
